
Microsoft Visual Studio Solution File, Format Version 12.00
# Visual Studio Version 16
VisualStudioVersion = 16.0.32002.222
MinimumVisualStudioVersion = 10.0.40219.1
Project("{A07B5EB6-E848-4116-A8D0-A826331D98C6}") = "KvsAppForMigration", "KvsAppForMigration\KvsAppForMigration.sfproj", "{D3F8B8C4-023D-46F9-A414-55F4039C1C7A}"
EndProject
Project("{9A19103F-16F7-4668-BE54-9A1E7A4F7556}") = "KvsActor", "KvsActor\KvsActor.csproj", "{0CFE19C0-23DA-49AE-A781-8B216628DDD4}"
EndProject
Project("{9A19103F-16F7-4668-BE54-9A1E7A4F7556}") = "KvsActor.Interfaces", "KvsActor.Interfaces\KvsActor.Interfaces.csproj", "{6D043953-B0BA-4BC8-AB67-BC114CAB1212}"
EndProject
Project("{FAE04EC0-301F-11D3-BF4B-00C04F79EFBC}") = "ConsoleClientForKvs", "ConsoleClientForKvs\ConsoleClientForKvs.csproj", "{2326045A-079A-46E4-A8B5-B11D1BA62337}"
EndProject
Global
	GlobalSection(SolutionConfigurationPlatforms) = preSolution
		Debug|Any CPU = Debug|Any CPU
		Debug|x64 = Debug|x64
		Release|Any CPU = Release|Any CPU
		Release|x64 = Release|x64
	EndGlobalSection
	GlobalSection(ProjectConfigurationPlatforms) = postSolution
		{D3F8B8C4-023D-46F9-A414-55F4039C1C7A}.Debug|Any CPU.ActiveCfg = Debug|x64
		{D3F8B8C4-023D-46F9-A414-55F4039C1C7A}.Debug|x64.ActiveCfg = Debug|x64
		{D3F8B8C4-023D-46F9-A414-55F4039C1C7A}.Debug|x64.Build.0 = Debug|x64
		{D3F8B8C4-023D-46F9-A414-55F4039C1C7A}.Debug|x64.Deploy.0 = Debug|x64
		{D3F8B8C4-023D-46F9-A414-55F4039C1C7A}.Release|Any CPU.ActiveCfg = Release|x64
		{D3F8B8C4-023D-46F9-A414-55F4039C1C7A}.Release|x64.ActiveCfg = Release|x64
		{D3F8B8C4-023D-46F9-A414-55F4039C1C7A}.Release|x64.Build.0 = Release|x64
		{D3F8B8C4-023D-46F9-A414-55F4039C1C7A}.Release|x64.Deploy.0 = Release|x64
		{0CFE19C0-23DA-49AE-A781-8B216628DDD4}.Debug|Any CPU.ActiveCfg = Debug|Any CPU
		{0CFE19C0-23DA-49AE-A781-8B216628DDD4}.Debug|Any CPU.Build.0 = Debug|Any CPU
		{0CFE19C0-23DA-49AE-A781-8B216628DDD4}.Debug|x64.ActiveCfg = Debug|Any CPU
		{0CFE19C0-23DA-49AE-A781-8B216628DDD4}.Debug|x64.Build.0 = Debug|Any CPU
		{0CFE19C0-23DA-49AE-A781-8B216628DDD4}.Release|Any CPU.ActiveCfg = Release|Any CPU
		{0CFE19C0-23DA-49AE-A781-8B216628DDD4}.Release|Any CPU.Build.0 = Release|Any CPU
		{0CFE19C0-23DA-49AE-A781-8B216628DDD4}.Release|x64.ActiveCfg = Release|Any CPU
		{0CFE19C0-23DA-49AE-A781-8B216628DDD4}.Release|x64.Build.0 = Release|Any CPU
		{6D043953-B0BA-4BC8-AB67-BC114CAB1212}.Debug|Any CPU.ActiveCfg = Debug|Any CPU
		{6D043953-B0BA-4BC8-AB67-BC114CAB1212}.Debug|Any CPU.Build.0 = Debug|Any CPU
		{6D043953-B0BA-4BC8-AB67-BC114CAB1212}.Debug|x64.ActiveCfg = Debug|Any CPU
		{6D043953-B0BA-4BC8-AB67-BC114CAB1212}.Debug|x64.Build.0 = Debug|Any CPU
		{6D043953-B0BA-4BC8-AB67-BC114CAB1212}.Release|Any CPU.ActiveCfg = Release|Any CPU
		{6D043953-B0BA-4BC8-AB67-BC114CAB1212}.Release|Any CPU.Build.0 = Release|Any CPU
		{6D043953-B0BA-4BC8-AB67-BC114CAB1212}.Release|x64.ActiveCfg = Release|Any CPU
		{6D043953-B0BA-4BC8-AB67-BC114CAB1212}.Release|x64.Build.0 = Release|Any CPU
		{2326045A-079A-46E4-A8B5-B11D1BA62337}.Debug|Any CPU.ActiveCfg = Debug|Any CPU
		{2326045A-079A-46E4-A8B5-B11D1BA62337}.Debug|Any CPU.Build.0 = Debug|Any CPU
		{2326045A-079A-46E4-A8B5-B11D1BA62337}.Debug|x64.ActiveCfg = Debug|Any CPU
		{2326045A-079A-46E4-A8B5-B11D1BA62337}.Debug|x64.Build.0 = Debug|Any CPU
		{2326045A-079A-46E4-A8B5-B11D1BA62337}.Release|Any CPU.ActiveCfg = Release|Any CPU
		{2326045A-079A-46E4-A8B5-B11D1BA62337}.Release|Any CPU.Build.0 = Release|Any CPU
		{2326045A-079A-46E4-A8B5-B11D1BA62337}.Release|x64.ActiveCfg = Release|Any CPU
		{2326045A-079A-46E4-A8B5-B11D1BA62337}.Release|x64.Build.0 = Release|Any CPU
	EndGlobalSection
	GlobalSection(SolutionProperties) = preSolution
		HideSolutionNode = FALSE
	EndGlobalSection
	GlobalSection(ExtensibilityGlobals) = postSolution
		SolutionGuid = {0CC296B9-3EF1-41ED-9EBF-759D38AFB5EE}
	EndGlobalSection
EndGlobal
